
Microsoft Visual Studio Solution File, Format Version 12.00
# Visual Studio Version 16
VisualStudioVersion = 16.0.30907.101
MinimumVisualStudioVersion = 10.0.40219.1
Project("{FAE04EC0-301F-11D3-BF4B-00C04F79EFBC}") = "Terri-Fried-Raylib", "Terri-Fried-Raylib\Terri-Fried-Raylib.csproj", "{27CED91D-BDD4-4148-A87A-51AFBAA38413}"
EndProject
Global
	GlobalSection(SolutionConfigurationPlatforms) = preSolution
		Debug|Any CPU = Debug|Any CPU
		Release|Any CPU = Release|Any CPU
	EndGlobalSection
	GlobalSection(ProjectConfigurationPlatforms) = postSolution
		{27CED91D-BDD4-4148-A87A-51AFBAA38413}.Debug|Any CPU.ActiveCfg = Debug|Any CPU
		{27CED91D-BDD4-4148-A87A-51AFBAA38413}.Debug|Any CPU.Build.0 = Debug|Any CPU
		{27CED91D-BDD4-4148-A87A-51AFBAA38413}.Release|Any CPU.ActiveCfg = Release|Any CPU
		{27CED91D-BDD4-4148-A87A-51AFBAA38413}.Release|Any CPU.Build.0 = Release|Any CPU
	EndGlobalSection
	GlobalSection(SolutionProperties) = preSolution
		HideSolutionNode = FALSE
	EndGlobalSection
	GlobalSection(ExtensibilityGlobals) = postSolution
		SolutionGuid = {2D46E4A2-6EAD-4734-ADC7-2307051F0DFA}
	EndGlobalSection
EndGlobal
